
Microsoft Visual Studio Solution File, Format Version 12.00
# Visual Studio Version 16
VisualStudioVersion = 16.0.29215.179
MinimumVisualStudioVersion = 10.0.40219.1
Project("{FAE04EC0-301F-11D3-BF4B-00C04F79EFBC}") = "MailClient", "MailClient\MailClient.csproj", "{4AE5C6FA-1F28-4BC5-B2C0-28614989485D}"
EndProject
Global
	GlobalSection(SolutionConfigurationPlatforms) = preSolution
		Debug|Any CPU = Debug|Any CPU
		Release|Any CPU = Release|Any CPU
	EndGlobalSection
	GlobalSection(ProjectConfigurationPlatforms) = postSolution
		{4AE5C6FA-1F28-4BC5-B2C0-28614989485D}.Debug|Any CPU.ActiveCfg = Debug|Any CPU
		{4AE5C6FA-1F28-4BC5-B2C0-28614989485D}.Debug|Any CPU.Build.0 = Debug|Any CPU
		{4AE5C6FA-1F28-4BC5-B2C0-28614989485D}.Release|Any CPU.ActiveCfg = Release|Any CPU
		{4AE5C6FA-1F28-4BC5-B2C0-28614989485D}.Release|Any CPU.Build.0 = Release|Any CPU
	EndGlobalSection
	GlobalSection(SolutionProperties) = preSolution
		HideSolutionNode = FALSE
	EndGlobalSection
	GlobalSection(ExtensibilityGlobals) = postSolution
		SolutionGuid = {721DD5C5-AFDF-4881-8B8F-40FF375153ED}
	EndGlobalSection
EndGlobal
